Microsoft Visual Studio Solution File, Format Version 11.00
# Visual Studio 2008

Project("{BC694DD2-D2C4-4E7A-23DB-3A00B3E5FBE2}") = "UnitySmashTVGC", "Assembly-CSharp.csproj", "{548487EF-1232-BD16-4BC0-40821040299C}"
EndProject
Global
	GlobalSection(SolutionConfigurationPlatforms) = preSolution
		Debug|Any CPU = Debug|Any CPU
		Release|Any CPU = Release|Any CPU
	EndGlobalSection
	GlobalSection(ProjectConfigurationPlatforms) = postSolution
		{548487EF-1232-BD16-4BC0-40821040299C}.Debug|Any CPU.ActiveCfg = Debug|Any CPU
		{548487EF-1232-BD16-4BC0-40821040299C}.Debug|Any CPU.Build.0 = Debug|Any CPU
		{548487EF-1232-BD16-4BC0-40821040299C}.Release|Any CPU.ActiveCfg = Release|Any CPU
		{548487EF-1232-BD16-4BC0-40821040299C}.Release|Any CPU.Build.0 = Release|Any CPU
	EndGlobalSection
	GlobalSection(SolutionProperties) = preSolution
		HideSolutionNode = FALSE
	EndGlobalSection
	GlobalSection(MonoDevelopProperties) = preSolution
		StartupItem = Assembly-CSharp.csproj
	EndGlobalSection
EndGlobal
